
Microsoft Visual Studio Solution File, Format Version 12.00
# Visual Studio Version 16
VisualStudioVersion = 16.0.31424.327
MinimumVisualStudioVersion = 10.0.40219.1
Project("{9A19103F-16F7-4668-BE54-9A1E7A4F7556}") = "Exceptions", "Exceptions\Exceptions.csproj", "{EEFB4E62-D8BA-429C-BA04-B43C2A407958}"
EndProject
Project("{9A19103F-16F7-4668-BE54-9A1E7A4F7556}") = "Enumerable", "Enumerable\Enumerable.csproj", "{C18997D7-26D3-4947-9C45-CF648CB84BBB}"
EndProject
Project("{9A19103F-16F7-4668-BE54-9A1E7A4F7556}") = "String", "String\String.csproj", "{9A15C01A-1ECC-45AC-A87E-36D4CDC2F435}"
EndProject
Project("{9A19103F-16F7-4668-BE54-9A1E7A4F7556}") = "Reflection", "Reflection\Reflection.csproj", "{10127A00-D5F3-49B9-8842-60774D126216}"
EndProject
Project("{9A19103F-16F7-4668-BE54-9A1E7A4F7556}") = "Collections", "Collections\Collections.csproj", "{E65B7CF4-8783-4A47-9C4C-1176ED92B76E}"
EndProject
Project("{9A19103F-16F7-4668-BE54-9A1E7A4F7556}") = "Events", "Events\Events.csproj", "{78EEF3E4-5F13-4940-B3F0-5780615253F9}"
EndProject
Project("{9A19103F-16F7-4668-BE54-9A1E7A4F7556}") = "Diagnostics.CodeAnalysis.NullableAttributes", "Diagnostics.CodeAnalysis.NullableAttributes\Diagnostics.CodeAnalysis.NullableAttributes.csproj", "{8670CA71-CC18-42BA-B3E0-317DA864E404}"
EndProject
Project("{9A19103F-16F7-4668-BE54-9A1E7A4F7556}") = "Collections.Test", "Collections.Test\Collections.Test.csproj", "{1917D0B9-4F42-4E9E-B372-140CE02A4300}"
EndProject
Project("{FAE04EC0-301F-11D3-BF4B-00C04F79EFBC}") = "Enumerator", "Enumerator\Enumerator.csproj", "{397F6994-3376-4474-BF22-BF8977DA447A}"
EndProject
Global
	GlobalSection(SolutionConfigurationPlatforms) = preSolution
		Debug|Any CPU = Debug|Any CPU
		Release|Any CPU = Release|Any CPU
	EndGlobalSection
	GlobalSection(ProjectConfigurationPlatforms) = postSolution
		{EEFB4E62-D8BA-429C-BA04-B43C2A407958}.Debug|Any CPU.ActiveCfg = Debug|Any CPU
		{EEFB4E62-D8BA-429C-BA04-B43C2A407958}.Debug|Any CPU.Build.0 = Debug|Any CPU
		{EEFB4E62-D8BA-429C-BA04-B43C2A407958}.Release|Any CPU.ActiveCfg = Release|Any CPU
		{EEFB4E62-D8BA-429C-BA04-B43C2A407958}.Release|Any CPU.Build.0 = Release|Any CPU
		{C18997D7-26D3-4947-9C45-CF648CB84BBB}.Debug|Any CPU.ActiveCfg = Debug|Any CPU
		{C18997D7-26D3-4947-9C45-CF648CB84BBB}.Debug|Any CPU.Build.0 = Debug|Any CPU
		{C18997D7-26D3-4947-9C45-CF648CB84BBB}.Release|Any CPU.ActiveCfg = Release|Any CPU
		{C18997D7-26D3-4947-9C45-CF648CB84BBB}.Release|Any CPU.Build.0 = Release|Any CPU
		{9A15C01A-1ECC-45AC-A87E-36D4CDC2F435}.Debug|Any CPU.ActiveCfg = Debug|Any CPU
		{9A15C01A-1ECC-45AC-A87E-36D4CDC2F435}.Debug|Any CPU.Build.0 = Debug|Any CPU
		{9A15C01A-1ECC-45AC-A87E-36D4CDC2F435}.Release|Any CPU.ActiveCfg = Release|Any CPU
		{9A15C01A-1ECC-45AC-A87E-36D4CDC2F435}.Release|Any CPU.Build.0 = Release|Any CPU
		{10127A00-D5F3-49B9-8842-60774D126216}.Debug|Any CPU.ActiveCfg = Debug|Any CPU
		{10127A00-D5F3-49B9-8842-60774D126216}.Debug|Any CPU.Build.0 = Debug|Any CPU
		{10127A00-D5F3-49B9-8842-60774D126216}.Release|Any CPU.ActiveCfg = Release|Any CPU
		{10127A00-D5F3-49B9-8842-60774D126216}.Release|Any CPU.Build.0 = Release|Any CPU
		{E65B7CF4-8783-4A47-9C4C-1176ED92B76E}.Debug|Any CPU.ActiveCfg = Debug|Any CPU
		{E65B7CF4-8783-4A47-9C4C-1176ED92B76E}.Debug|Any CPU.Build.0 = Debug|Any CPU
		{E65B7CF4-8783-4A47-9C4C-1176ED92B76E}.Release|Any CPU.ActiveCfg = Release|Any CPU
		{E65B7CF4-8783-4A47-9C4C-1176ED92B76E}.Release|Any CPU.Build.0 = Release|Any CPU
		{78EEF3E4-5F13-4940-B3F0-5780615253F9}.Debug|Any CPU.ActiveCfg = Debug|Any CPU
		{78EEF3E4-5F13-4940-B3F0-5780615253F9}.Debug|Any CPU.Build.0 = Debug|Any CPU
		{78EEF3E4-5F13-4940-B3F0-5780615253F9}.Release|Any CPU.ActiveCfg = Release|Any CPU
		{78EEF3E4-5F13-4940-B3F0-5780615253F9}.Release|Any CPU.Build.0 = Release|Any CPU
		{8670CA71-CC18-42BA-B3E0-317DA864E404}.Debug|Any CPU.ActiveCfg = Debug|Any CPU
		{8670CA71-CC18-42BA-B3E0-317DA864E404}.Debug|Any CPU.Build.0 = Debug|Any CPU
		{8670CA71-CC18-42BA-B3E0-317DA864E404}.Release|Any CPU.ActiveCfg = Release|Any CPU
		{8670CA71-CC18-42BA-B3E0-317DA864E404}.Release|Any CPU.Build.0 = Release|Any CPU
		{1917D0B9-4F42-4E9E-B372-140CE02A4300}.Debug|Any CPU.ActiveCfg = Debug|Any CPU
		{1917D0B9-4F42-4E9E-B372-140CE02A4300}.Debug|Any CPU.Build.0 = Debug|Any CPU
		{1917D0B9-4F42-4E9E-B372-140CE02A4300}.Release|Any CPU.ActiveCfg = Release|Any CPU
		{1917D0B9-4F42-4E9E-B372-140CE02A4300}.Release|Any CPU.Build.0 = Release|Any CPU
		{397F6994-3376-4474-BF22-BF8977DA447A}.Debug|Any CPU.ActiveCfg = Debug|Any CPU
		{397F6994-3376-4474-BF22-BF8977DA447A}.Debug|Any CPU.Build.0 = Debug|Any CPU
		{397F6994-3376-4474-BF22-BF8977DA447A}.Release|Any CPU.ActiveCfg = Release|Any CPU
		{397F6994-3376-4474-BF22-BF8977DA447A}.Release|Any CPU.Build.0 = Release|Any CPU
	EndGlobalSection
	GlobalSection(SolutionProperties) = preSolution
		HideSolutionNode = FALSE
	EndGlobalSection
	GlobalSection(ExtensibilityGlobals) = postSolution
		SolutionGuid = {C2A1E8C2-2506-4E17-BE28-FBD651561464}
	EndGlobalSection
EndGlobal
